
Microsoft Visual Studio Solution File, Format Version 12.00
# Visual Studio Version 17
VisualStudioVersion = 17.1.32421.90
MinimumVisualStudioVersion = 10.0.40219.1
Project("{FAE04EC0-301F-11D3-BF4B-00C04F79EFBC}") = "LargePngFramework", "LargePngFramework\LargePngFramework.csproj", "{598B7DB1-463E-4732-86CE-477D565C900F}"
EndProject
Global
	GlobalSection(SolutionConfigurationPlatforms) = preSolution
		Debug|Any CPU = Debug|Any CPU
		Release|Any CPU = Release|Any CPU
	EndGlobalSection
	GlobalSection(ProjectConfigurationPlatforms) = postSolution
		{598B7DB1-463E-4732-86CE-477D565C900F}.Debug|Any CPU.ActiveCfg = Debug|Any CPU
		{598B7DB1-463E-4732-86CE-477D565C900F}.Debug|Any CPU.Build.0 = Debug|Any CPU
		{598B7DB1-463E-4732-86CE-477D565C900F}.Release|Any CPU.ActiveCfg = Release|Any CPU
		{598B7DB1-463E-4732-86CE-477D565C900F}.Release|Any CPU.Build.0 = Release|Any CPU
	EndGlobalSection
	GlobalSection(SolutionProperties) = preSolution
		HideSolutionNode = FALSE
	EndGlobalSection
	GlobalSection(ExtensibilityGlobals) = postSolution
		SolutionGuid = {8CA85701-0245-4873-B27A-0D80B52C44DB}
	EndGlobalSection
EndGlobal
